
Microsoft Visual Studio Solution File, Format Version 12.00
# Visual Studio Version 17
VisualStudioVersion = 17.5.33414.496
MinimumVisualStudioVersion = 10.0.40219.1
Project("{FAE04EC0-301F-11D3-BF4B-00C04F79EFBC}") = "Console_Part5", "Console_Part5.csproj", "{B56C56B6-DEFB-42ED-906A-6BD1FC283F08}"
EndProject
Global
	GlobalSection(SolutionConfigurationPlatforms) = preSolution
		Debug|Any CPU = Debug|Any CPU
		Release|Any CPU = Release|Any CPU
	EndGlobalSection
	GlobalSection(ProjectConfigurationPlatforms) = postSolution
		{B56C56B6-DEFB-42ED-906A-6BD1FC283F08}.Debug|Any CPU.ActiveCfg = Debug|Any CPU
		{B56C56B6-DEFB-42ED-906A-6BD1FC283F08}.Debug|Any CPU.Build.0 = Debug|Any CPU
		{B56C56B6-DEFB-42ED-906A-6BD1FC283F08}.Release|Any CPU.ActiveCfg = Release|Any CPU
		{B56C56B6-DEFB-42ED-906A-6BD1FC283F08}.Release|Any CPU.Build.0 = Release|Any CPU
	EndGlobalSection
	GlobalSection(SolutionProperties) = preSolution
		HideSolutionNode = FALSE
	EndGlobalSection
	GlobalSection(ExtensibilityGlobals) = postSolution
		SolutionGuid = {150AB1A6-6958-4CEC-897C-DBC99D5D240C}
	EndGlobalSection
EndGlobal
